// !$*UTF8*$!
{
	archiveVersion = 1;
	classes = {
	};
	objectVersion = 46;
	objects = {

/* Begin PBXBuildFile section */
		DAB84FCC1A8DF30500C95FF7 /* main.m in Sources */ = {isa = PBXBuildFile; fileRef = DAB84FCB1A8DF30500C95FF7 /* main.m */; };
		DAB84FCF1A8DF30500C95FF7 /* AppDelegate.m in Sources */ = {isa = PBXBuildFile; fileRef = DAB84FCE1A8DF30500C95FF7 /* AppDelegate.m */; };
		DAB84FD71A8DF30500C95FF7 /* Images.xcassets in Resources */ = {isa = PBXBuildFile; fileRef = DAB84FD61A8DF30500C95FF7 /* Images.xcassets */; };
		DAB84FDA1A8DF30500C95FF7 /* LaunchScreen.xib in Resources */ = {isa = PBXBuildFile; fileRef = DAB84FD81A8DF30500C95FF7 /* LaunchScreen.xib */; };
		DAB84FE61A8DF30500C95FF7 /* PSTabBarViewControllerTests.m in Sources */ = {isa = PBXBuildFile; fileRef = DAB84FE51A8DF30500C95FF7 /* PSTabBarViewControllerTests.m */; };
		DAB84FF11A8DF34900C95FF7 /* PSTabBarViewController.m in Sources */ = {isa = PBXBuildFile; fileRef = DAB84FF01A8DF34900C95FF7 /* PSTabBarViewController.m */; };
/* End PBXBuildFile section */

/* Begin PBXContainerItemProxy section */
		DAB84FE01A8DF30500C95FF7 /* PBXContainerItemProxy */ = {
			isa = PBXContainerItemProxy;
			containerPortal = DAB84FBE1A8DF30500C95FF7 /* Project object */;
			proxyType = 1;
			remoteGlobalIDString = DAB84FC51A8DF30500C95FF7;
			remoteInfo = PSTabBarViewController;
		};
/* End PBXContainerItemProxy section */

/* Begin PBXFileReference section */
		DAB84FC61A8DF30500C95FF7 /* PSTabBarViewController.app */ = {isa = PBXFileReference; explicitFileType = wrapper.application; includeInIndex = 0; path = PSTabBarViewController.app; sourceTree = BUILT_PRODUCTS_DIR; };
		DAB84FCA1A8DF30500C95FF7 /* Info.plist */ = {isa = PBXFileReference; lastKnownFileType = text.plist.xml; path = Info.plist; sourceTree = "<group>"; };
		DAB84FCB1A8DF30500C95FF7 /* main.m */ = {isa = PBXFileReference; lastKnownFileType = sourcecode.c.objc; path = main.m; sourceTree = "<group>"; };
		DAB84FCD1A8DF30500C95FF7 /* AppDelegate.h */ = {isa = PBXFileReference; lastKnownFileType = sourcecode.c.h; path = AppDelegate.h; sourceTree = "<group>"; };
		DAB84FCE1A8DF30500C95FF7 /* AppDelegate.m */ = {isa = PBXFileReference; lastKnownFileType = sourcecode.c.objc; path = AppDelegate.m; sourceTree = "<group>"; };
		DAB84FD61A8DF30500C95FF7 /* Images.xcassets */ = {isa = PBXFileReference; lastKnownFileType = folder.assetcatalog; path = Images.xcassets; sourceTree = "<group>"; };
		DAB84FD91A8DF30500C95FF7 /* Base */ = {isa = PBXFileReference; lastKnownFileType = file.xib; name = Base; path = Base.lproj/LaunchScreen.xib; sourceTree = "<group>"; };
		DAB84FDF1A8DF30500C95FF7 /* PSTabBarViewControllerTests.xctest */ = {isa = PBXFileReference; explicitFileType = wrapper.cfbundle; includeInIndex = 0; path = PSTabBarViewControllerTests.xctest; sourceTree = BUILT_PRODUCTS_DIR; };
		DAB84FE41A8DF30500C95FF7 /* Info.plist */ = {isa = PBXFileReference; lastKnownFileType = text.plist.xml; path = Info.plist; sourceTree = "<group>"; };
		DAB84FE51A8DF30500C95FF7 /* PSTabBarViewControllerTests.m */ = {isa = PBXFileReference; lastKnownFileType = sourcecode.c.objc; path = PSTabBarViewControllerTests.m; sourceTree = "<group>"; };
		DAB84FEF1A8DF34900C95FF7 /* PSTabBarViewController.h */ = {isa = PBXFileReference; fileEncoding = 4; lastKnownFileType = sourcecode.c.h; path = PSTabBarViewController.h; sourceTree = "<group>"; };
		DAB84FF01A8DF34900C95FF7 /* PSTabBarViewController.m */ = {isa = PBXFileReference; fileEncoding = 4; lastKnownFileType = sourcecode.c.objc; path = PSTabBarViewController.m; sourceTree = "<group>"; };
/* End PBXFileReference section */

/* Begin PBXFrameworksBuildPhase section */
		DAB84FC31A8DF30500C95FF7 /* Frameworks */ = {
			isa = PBXFrameworksBuildPhase;
			buildActionMask = 2147483647;
			files = (
			);
			runOnlyForDeploymentPostprocessing = 0;
		};
		DAB84FDC1A8DF30500C95FF7 /* Frameworks */ = {
			isa = PBXFrameworksBuildPhase;
			buildActionMask = 2147483647;
			files = (
			);
			runOnlyForDeploymentPostprocessing = 0;
		};
/* End PBXFrameworksBuildPhase section */

/* Begin PBXGroup section */
		DAB84FBD1A8DF30500C95FF7 = {
			isa = PBXGroup;
			children = (
				DAB84FC81A8DF30500C95FF7 /* PSTabBarViewController */,
				DAB84FE21A8DF30500C95FF7 /* PSTabBarViewControllerTests */,
				DAB84FC71A8DF30500C95FF7 /* Products */,
			);
			sourceTree = "<group>";
		};
		DAB84FC71A8DF30500C95FF7 /* Products */ = {
			isa = PBXGroup;
			children = (
				DAB84FC61A8DF30500C95FF7 /* PSTabBarViewController.app */,
				DAB84FDF1A8DF30500C95FF7 /* PSTabBarViewControllerTests.xctest */,
			);
			name = Products;
			sourceTree = "<group>";
		};
		DAB84FC81A8DF30500C95FF7 /* PSTabBarViewController */ = {
			isa = PBXGroup;
			children = (
				DAB84FCD1A8DF30500C95FF7 /* AppDelegate.h */,
				DAB84FCE1A8DF30500C95FF7 /* AppDelegate.m */,
				DAB84FEF1A8DF34900C95FF7 /* PSTabBarViewController.h */,
				DAB84FF01A8DF34900C95FF7 /* PSTabBarViewController.m */,
				DAB84FD61A8DF30500C95FF7 /* Images.xcassets */,
				DAB84FD81A8DF30500C95FF7 /* LaunchScreen.xib */,
				DAB84FC91A8DF30500C95FF7 /* Supporting Files */,
			);
			path = PSTabBarViewController;
			sourceTree = "<group>";
		};
		DAB84FC91A8DF30500C95FF7 /* Supporting Files */ = {
			isa = PBXGroup;
			children = (
				DAB84FCA1A8DF30500C95FF7 /* Info.plist */,
				DAB84FCB1A8DF30500C95FF7 /* main.m */,
			);
			name = "Supporting Files";
			sourceTree = "<group>";
		};
		DAB84FE21A8DF30500C95FF7 /* PSTabBarViewControllerTests */ = {
			isa = PBXGroup;
			children = (
				DAB84FE51A8DF30500C95FF7 /* PSTabBarViewControllerTests.m */,
				DAB84FE31A8DF30500C95FF7 /* Supporting Files */,
			);
			path = PSTabBarViewControllerTests;
			sourceTree = "<group>";
		};
		DAB84FE31A8DF30500C95FF7 /* Supporting Files */ = {
			isa = PBXGroup;
			children = (
				DAB84FE41A8DF30500C95FF7 /* Info.plist */,
			);
			name = "Supporting Files";
			sourceTree = "<group>";
		};
/* End PBXGroup section */

/* Begin PBXNativeTarget section */
		DAB84FC51A8DF30500C95FF7 /* PSTabBarViewController */ = {
			isa = PBXNativeTarget;
			buildConfigurationList = DAB84FE91A8DF30500C95FF7 /* Build configuration list for PBXNativeTarget "PSTabBarViewController" */;
			buildPhases = (
				DAB84FC21A8DF30500C95FF7 /* Sources */,
				DAB84FC31A8DF30500C95FF7 /* Frameworks */,
				DAB84FC41A8DF30500C95FF7 /* Resources */,
			);
			buildRules = (
			);
			dependencies = (
			);
			name = PSTabBarViewController;
			productName = PSTabBarViewController;
			productReference = DAB84FC61A8DF30500C95FF7 /* PSTabBarViewController.app */;
			productType = "com.apple.product-type.application";
		};
		DAB84FDE1A8DF30500C95FF7 /* PSTabBarViewControllerTests */ = {
			isa = PBXNativeTarget;
			buildConfigurationList = DAB84FEC1A8DF30500C95FF7 /* Build configuration list for PBXNativeTarget "PSTabBarViewControllerTests" */;
			buildPhases = (
				DAB84FDB1A8DF30500C95FF7 /* Sources */,
				DAB84FDC1A8DF30500C95FF7 /* Frameworks */,
				DAB84FDD1A8DF30500C95FF7 /* Resources */,
			);
			buildRules = (
			);
			dependencies = (
				DAB84FE11A8DF30500C95FF7 /* PBXTargetDependency */,
			);
			name = PSTabBarViewControllerTests;
			productName = PSTabBarViewControllerTests;
			productReference = DAB84FDF1A8DF30500C95FF7 /* PSTabBarViewControllerTests.xctest */;
			productType = "com.apple.product-type.bundle.unit-test";
		};
/* End PBXNativeTarget section */

/* Begin PBXProject section */
		DAB84FBE1A8DF30500C95FF7 /* Project object */ = {
			isa = PBXProject;
			attributes = {
				LastUpgradeCheck = 0610;
				ORGANIZATIONNAME = DDong;
				TargetAttributes = {
					DAB84FC51A8DF30500C95FF7 = {
						CreatedOnToolsVersion = 6.1;
					};
					DAB84FDE1A8DF30500C95FF7 = {
						CreatedOnToolsVersion = 6.1;
						TestTargetID = DAB84FC51A8DF30500C95FF7;
					};
				};
			};
			buildConfigurationList = DAB84FC11A8DF30500C95FF7 /* Build configuration list for PBXProject "PSTabBarViewController" */;
			compatibilityVersion = "Xcode 3.2";
			developmentRegion = English;
			hasScannedForEncodings = 0;
			knownRegions = (
				en,
				Base,
			);
			mainGroup = DAB84FBD1A8DF30500C95FF7;
			productRefGroup = DAB84FC71A8DF30500C95FF7 /* Products */;
			projectDirPath = "";
			projectRoot = "";
			targets = (
				DAB84FC51A8DF30500C95FF7 /* PSTabBarViewController */,
				DAB84FDE1A8DF30500C95FF7 /* PSTabBarViewControllerTests */,
			);
		};
/* End PBXProject section */

/* Begin PBXResourcesBuildPhase section */
		DAB84FC41A8DF30500C95FF7 /* Resources */ = {
			isa = PBXResourcesBuildPhase;
			buildActionMask = 2147483647;
			files = (
				DAB84FDA1A8DF30500C95FF7 /* LaunchScreen.xib in Resources */,
				DAB84FD71A8DF30500C95FF7 /* Images.xcassets in Resources */,
			);
			runOnlyForDeploymentPostprocessing = 0;
		};
		DAB84FDD1A8DF30500C95FF7 /* Resources */ = {
			isa = PBXResourcesBuildPhase;
			buildActionMask = 2147483647;
			files = (
			);
			runOnlyForDeploymentPostprocessing = 0;
		};
/* End PBXResourcesBuildPhase section */

/* Begin PBXSourcesBuildPhase section */
		DAB84FC21A8DF30500C95FF7 /* Sources */ = {
			isa = PBXSourcesBuildPhase;
			buildActionMask = 2147483647;
			files = (
				DAB84FCF1A8DF30500C95FF7 /* AppDelegate.m in Sources */,
				DAB84FCC1A8DF30500C95FF7 /* main.m in Sources */,
				DAB84FF11A8DF34900C95FF7 /* PSTabBarViewController.m in Sources */,
			);
			runOnlyForDeploymentPostprocessing = 0;
		};
		DAB84FDB1A8DF30500C95FF7 /* Sources */ = {
			isa = PBXSourcesBuildPhase;
			buildActionMask = 2147483647;
			files = (
				DAB84FE61A8DF30500C95FF7 /* PSTabBarViewControllerTests.m in Sources */,
			);
			runOnlyForDeploymentPostprocessing = 0;
		};
/* End PBXSourcesBuildPhase section */

/* Begin PBXTargetDependency section */
		DAB84FE11A8DF30500C95FF7 /* PBXTargetDependency */ = {
			isa = PBXTargetDependency;
			target = DAB84FC51A8DF30500C95FF7 /* PSTabBarViewController */;
			targetProxy = DAB84FE01A8DF30500C95FF7 /* PBXContainerItemProxy */;
		};
/* End PBXTargetDependency section */

/* Begin PBXVariantGroup section */
		DAB84FD81A8DF30500C95FF7 /* LaunchScreen.xib */ = {
			isa = PBXVariantGroup;
			children = (
				DAB84FD91A8DF30500C95FF7 /* Base */,
			);
			name = LaunchScreen.xib;
			sourceTree = "<group>";
		};
/* End PBXVariantGroup section */

/* Begin XCBuildConfiguration section */
		DAB84FE71A8DF30500C95FF7 /* Debug */ = {
			isa = XCBuildConfiguration;
			buildSettings = {
				ALWAYS_SEARCH_USER_PATHS = NO;
				CLANG_CXX_LANGUAGE_STANDARD = "gnu++0x";
				CLANG_CXX_LIBRARY = "libc++";
				CLANG_ENABLE_MODULES = YES;
				CLANG_ENABLE_OBJC_ARC = YES;
				CLANG_WARN_BOOL_CONVERSION = YES;
				CLANG_WARN_CONSTANT_CONVERSION = YES;
				CLANG_WARN_DIRECT_OBJC_ISA_USAGE = YES_ERROR;
				CLANG_WARN_EMPTY_BODY = YES;
				CLANG_WARN_ENUM_CONVERSION = YES;
				CLANG_WARN_INT_CONVERSION = YES;
				CLANG_WARN_OBJC_ROOT_CLASS = YES_ERROR;
				CLANG_WARN_UNREACHABLE_CODE = YES;
				CLANG_WARN__DUPLICATE_METHOD_MATCH = YES;
				"CODE_SIGN_IDENTITY[sdk=iphoneos*]" = "iPhone Developer";
				COPY_PHASE_STRIP = NO;
				ENABLE_STRICT_OBJC_MSGSEND = YES;
				GCC_C_LANGUAGE_STANDARD = gnu99;
				GCC_DYNAMIC_NO_PIC = NO;
				GCC_OPTIMIZATION_LEVEL = 0;
				GCC_PREPROCESSOR_DEFINITIONS = (
					"DEBUG=1",
					"$(inherited)",
				);
				GCC_SYMBOLS_PRIVATE_EXTERN = NO;
				GCC_WARN_64_TO_32_BIT_CONVERSION = YES;
				GCC_WARN_ABOUT_RETURN_TYPE = YES_ERROR;
				GCC_WARN_UNDECLARED_SELECTOR = YES;
				GCC_WARN_UNINITIALIZED_AUTOS = YES_AGGRESSIVE;
				GCC_WARN_UNUSED_FUNCTION = YES;
				GCC_WARN_UNUSED_VARIABLE = YES;
				IPHONEOS_DEPLOYMENT_TARGET = 8.1;
				MTL_ENABLE_DEBUG_INFO = YES;
				ONLY_ACTIVE_ARCH = YES;
				SDKROOT = iphoneos;
			};
			name = Debug;
		};
		DAB84FE81A8DF30500C95FF7 /* Release */ = {
			isa = XCBuildConfiguration;
			buildSettings = {
				ALWAYS_SEARCH_USER_PATHS = NO;
				CLANG_CXX_LANGUAGE_STANDARD = "gnu++0x";
				CLANG_CXX_LIBRARY = "libc++";
				CLANG_ENABLE_MODULES = YES;
				CLANG_ENABLE_OBJC_ARC = YES;
				CLANG_WARN_BOOL_CONVERSION = YES;
				CLANG_WARN_CONSTANT_CONVERSION = YES;
				CLANG_WARN_DIRECT_OBJC_ISA_USAGE = YES_ERROR;
				CLANG_WARN_EMPTY_BODY = YES;
				CLANG_WARN_ENUM_CONVERSION = YES;
				CLANG_WARN_INT_CONVERSION = YES;
				CLANG_WARN_OBJC_ROOT_CLASS = YES_ERROR;
				CLANG_WARN_UNREACHABLE_CODE = YES;
				CLANG_WARN__DUPLICATE_METHOD_MATCH = YES;
				"CODE_SIGN_IDENTITY[sdk=iphoneos*]" = "iPhone Developer";
				COPY_PHASE_STRIP = YES;
				ENABLE_NS_ASSERTIONS = NO;
				ENABLE_STRICT_OBJC_MSGSEND = YES;
				GCC_C_LANGUAGE_STANDARD = gnu99;
				GCC_WARN_64_TO_32_BIT_CONVERSION = YES;
				GCC_WARN_ABOUT_RETURN_TYPE = YES_ERROR;
				GCC_WARN_UNDECLARED_SELECTOR = YES;
				GCC_WARN_UNINITIALIZED_AUTOS = YES_AGGRESSIVE;
				GCC_WARN_UNUSED_FUNCTION = YES;
				GCC_WARN_UNUSED_VARIABLE = YES;
				IPHONEOS_DEPLOYMENT_TARGET = 8.1;
				MTL_ENABLE_DEBUG_INFO = NO;
				SDKROOT = iphoneos;
				VALIDATE_PRODUCT = YES;
			};
			name = Release;
		};
		DAB84FEA1A8DF30500C95FF7 /* Debug */ = {
			isa = XCBuildConfiguration;
			buildSettings = {
				ASSETCATALOG_COMPILER_APPICON_NAME = AppIcon;
				INFOPLIST_FILE = PSTabBarViewController/Info.plist;
				LD_RUNPATH_SEARCH_PATHS = "$(inherited) @executable_path/Frameworks";
				PRODUCT_NAME = "$(TARGET_NAME)";
			};
			name = Debug;
		};
		DAB84FEB1A8DF30500C95FF7 /* Release */ = {
			isa = XCBuildConfiguration;
			buildSettings = {
				ASSETCATALOG_COMPILER_APPICON_NAME = AppIcon;
				INFOPLIST_FILE = PSTabBarViewController/Info.plist;
				LD_RUNPATH_SEARCH_PATHS = "$(inherited) @executable_path/Frameworks";
				PRODUCT_NAME = "$(TARGET_NAME)";
			};
			name = Release;
		};
		DAB84FED1A8DF30500C95FF7 /* Debug */ = {
			isa = XCBuildConfiguration;
			buildSettings = {
				BUNDLE_LOADER = "$(TEST_HOST)";
				FRAMEWORK_SEARCH_PATHS = (
					"$(SDKROOT)/Developer/Library/Frameworks",
					"$(inherited)",
				);
				GCC_PREPROCESSOR_DEFINITIONS = (
					"DEBUG=1",
					"$(inherited)",
				);
				INFOPLIST_FILE = PSTabBarViewControllerTests/Info.plist;
				LD_RUNPATH_SEARCH_PATHS = "$(inherited) @executable_path/Frameworks @loader_path/Frameworks";
				PRODUCT_NAME = "$(TARGET_NAME)";
				TEST_HOST = "$(BUILT_PRODUCTS_DIR)/PSTabBarViewController.app/PSTabBarViewController";
			};
			name = Debug;
		};
		DAB84FEE1A8DF30500C95FF7 /* Release */ = {
			isa = XCBuildConfiguration;
			buildSettings = {
				BUNDLE_LOADER = "$(TEST_HOST)";
				FRAMEWORK_SEARCH_PATHS = (
					"$(SDKROOT)/Developer/Library/Frameworks",
					"$(inherited)",
				);
				INFOPLIST_FILE = PSTabBarViewControllerTests/Info.plist;
				LD_RUNPATH_SEARCH_PATHS = "$(inherited) @executable_path/Frameworks @loader_path/Frameworks";
				PRODUCT_NAME = "$(TARGET_NAME)";
				TEST_HOST = "$(BUILT_PRODUCTS_DIR)/PSTabBarViewController.app/PSTabBarViewController";
			};
			name = Release;
		};
/* End XCBuildConfiguration section */

/* Begin XCConfigurationList section */
		DAB84FC11A8DF30500C95FF7 /* Build configuration list for PBXProject "PSTabBarViewController" */ = {
			isa = XCConfigurationList;
			buildConfigurations = (
				DAB84FE71A8DF30500C95FF7 /* Debug */,
				DAB84FE81A8DF30500C95FF7 /* Release */,
			);
			defaultConfigurationIsVisible = 0;
			defaultConfigurationName = Release;
		};
		DAB84FE91A8DF30500C95FF7 /* Build configuration list for PBXNativeTarget "PSTabBarViewController" */ = {
			isa = XCConfigurationList;
			buildConfigurations = (
				DAB84FEA1A8DF30500C95FF7 /* Debug */,
				DAB84FEB1A8DF30500C95FF7 /* Release */,
			);
			defaultConfigurationIsVisible = 0;
		};
		DAB84FEC1A8DF30500C95FF7 /* Build configuration list for PBXNativeTarget "PSTabBarViewControllerTests" */ = {
			isa = XCConfigurationList;
			buildConfigurations = (
				DAB84FED1A8DF30500C95FF7 /* Debug */,
				DAB84FEE1A8DF30500C95FF7 /* Release */,
			);
			defaultConfigurationIsVisible = 0;
		};
/* End XCConfigurationList section */
	};
	rootObject = DAB84FBE1A8DF30500C95FF7 /* Project object */;
}
